// !$*UTF8*$!
{
	archiveVersion = 1;
	classes = {
	};
	objectVersion = 50;
	objects = {

/* Begin PBXBuildFile section */
		44E76D082595E26200F2FDF0 /* AppDelegate.swift in Sources */ = {isa = PBXBuildFile; fileRef = 44E76D072595E26200F2FDF0 /* AppDelegate.swift */; };
		44E76D0A2595E26200F2FDF0 /* SceneDelegate.swift in Sources */ = {isa = PBXBuildFile; fileRef = 44E76D092595E26200F2FDF0 /* SceneDelegate.swift */; };
		44E76D0C2595E26200F2FDF0 /* ContentView.swift in Sources */ = {isa = PBXBuildFile; fileRef = 44E76D0B2595E26200F2FDF0 /* ContentView.swift */; };
		44E76D0E2595E26300F2FDF0 /* Assets.xcassets in Resources */ = {isa = PBXBuildFile; fileRef = 44E76D0D2595E26300F2FDF0 /* Assets.xcassets */; };
		44E76D112595E26300F2FDF0 /* Preview Assets.xcassets in Resources */ = {isa = PBXBuildFile; fileRef = 44E76D102595E26300F2FDF0 /* Preview Assets.xcassets */; };
		44E76D142595E26300F2FDF0 /* LaunchScreen.storyboard in Resources */ = {isa = PBXBuildFile; fileRef = 44E76D122595E26300F2FDF0 /* LaunchScreen.storyboard */; };
		44E76D1E2595E7E500F2FDF0 /* NetworkManager.swift in Sources */ = {isa = PBXBuildFile; fileRef = 44E76D1D2595E7E500F2FDF0 /* NetworkManager.swift */; };
		44E76D222595E8F800F2FDF0 /* PostData.swift in Sources */ = {isa = PBXBuildFile; fileRef = 44E76D212595E8F800F2FDF0 /* PostData.swift */; };
		44E76D272597AB1000F2FDF0 /* DetailView.swift in Sources */ = {isa = PBXBuildFile; fileRef = 44E76D262597AB1000F2FDF0 /* DetailView.swift */; };
		44E76D2A2597C8AA00F2FDF0 /* WebView.swift in Sources */ = {isa = PBXBuildFile; fileRef = 44E76D292597C8AA00F2FDF0 /* WebView.swift */; };
/* End PBXBuildFile section */

/* Begin PBXFileReference section */
		44E76D042595E26200F2FDF0 /* H4XOR.app */ = {isa = PBXFileReference; explicitFileType = wrapper.application; includeInIndex = 0; path = H4XOR.app; sourceTree = BUILT_PRODUCTS_DIR; };
		44E76D072595E26200F2FDF0 /* AppDelegate.swift */ = {isa = PBXFileReference; lastKnownFileType = sourcecode.swift; path = AppDelegate.swift; sourceTree = "<group>"; };
		44E76D092595E26200F2FDF0 /* SceneDelegate.swift */ = {isa = PBXFileReference; lastKnownFileType = sourcecode.swift; path = SceneDelegate.swift; sourceTree = "<group>"; };
		44E76D0B2595E26200F2FDF0 /* ContentView.swift */ = {isa = PBXFileReference; lastKnownFileType = sourcecode.swift; path = ContentView.swift; sourceTree = "<group>"; };
		44E76D0D2595E26300F2FDF0 /* Assets.xcassets */ = {isa = PBXFileReference; lastKnownFileType = folder.assetcatalog; path = Assets.xcassets; sourceTree = "<group>"; };
		44E76D102595E26300F2FDF0 /* Preview Assets.xcassets */ = {isa = PBXFileReference; lastKnownFileType = folder.assetcatalog; path = "Preview Assets.xcassets"; sourceTree = "<group>"; };
		44E76D132595E26300F2FDF0 /* Base */ = {isa = PBXFileReference; lastKnownFileType = file.storyboard; name = Base; path = Base.lproj/LaunchScreen.storyboard; sourceTree = "<group>"; };
		44E76D152595E26300F2FDF0 /* Info.plist */ = {isa = PBXFileReference; lastKnownFileType = text.plist.xml; path = Info.plist; sourceTree = "<group>"; };
		44E76D1D2595E7E500F2FDF0 /* NetworkManager.swift */ = {isa = PBXFileReference; lastKnownFileType = sourcecode.swift; path = NetworkManager.swift; sourceTree = "<group>"; };
		44E76D212595E8F800F2FDF0 /* PostData.swift */ = {isa = PBXFileReference; lastKnownFileType = sourcecode.swift; path = PostData.swift; sourceTree = "<group>"; };
		44E76D262597AB1000F2FDF0 /* DetailView.swift */ = {isa = PBXFileReference; lastKnownFileType = sourcecode.swift; path = DetailView.swift; sourceTree = "<group>"; };
		44E76D292597C8AA00F2FDF0 /* WebView.swift */ = {isa = PBXFileReference; lastKnownFileType = sourcecode.swift; path = WebView.swift; sourceTree = "<group>"; };
		44EEEDBF25B67AB300C1ACDC /* H4XOR.entitlements */ = {isa = PBXFileReference; lastKnownFileType = text.plist.entitlements; path = H4XOR.entitlements; sourceTree = "<group>"; };
/* End PBXFileReference section */

/* Begin PBXFrameworksBuildPhase section */
		44E76D012595E26200F2FDF0 /* Frameworks */ = {
			isa = PBXFrameworksBuildPhase;
			buildActionMask = 2147483647;
			files = (
			);
			runOnlyForDeploymentPostprocessing = 0;
		};
/* End PBXFrameworksBuildPhase section */

/* Begin PBXGroup section */
		44E76CFB2595E26200F2FDF0 = {
			isa = PBXGroup;
			children = (
				44E76D062595E26200F2FDF0 /* H4XOR */,
				44E76D052595E26200F2FDF0 /* Products */,
			);
			sourceTree = "<group>";
		};
		44E76D052595E26200F2FDF0 /* Products */ = {
			isa = PBXGroup;
			children = (
				44E76D042595E26200F2FDF0 /* H4XOR.app */,
			);
			name = Products;
			sourceTree = "<group>";
		};
		44E76D062595E26200F2FDF0 /* H4XOR */ = {
			isa = PBXGroup;
			children = (
				44EEEDBF25B67AB300C1ACDC /* H4XOR.entitlements */,
				44E76D072595E26200F2FDF0 /* AppDelegate.swift */,
				44E76D092595E26200F2FDF0 /* SceneDelegate.swift */,
				44E76D242597AAFB00F2FDF0 /* Views */,
				44E76D1C2595E7CB00F2FDF0 /* Model */,
				44E76D0D2595E26300F2FDF0 /* Assets.xcassets */,
				44E76D122595E26300F2FDF0 /* LaunchScreen.storyboard */,
				44E76D152595E26300F2FDF0 /* Info.plist */,
				44E76D0F2595E26300F2FDF0 /* Preview Content */,
			);
			path = H4XOR;
			sourceTree = "<group>";
		};
		44E76D0F2595E26300F2FDF0 /* Preview Content */ = {
			isa = PBXGroup;
			children = (
				44E76D102595E26300F2FDF0 /* Preview Assets.xcassets */,
			);
			path = "Preview Content";
			sourceTree = "<group>";
		};
		44E76D1C2595E7CB00F2FDF0 /* Model */ = {
			isa = PBXGroup;
			children = (
				44E76D1D2595E7E500F2FDF0 /* NetworkManager.swift */,
				44E76D212595E8F800F2FDF0 /* PostData.swift */,
			);
			path = Model;
			sourceTree = "<group>";
		};
		44E76D242597AAFB00F2FDF0 /* Views */ = {
			isa = PBXGroup;
			children = (
				44E76D0B2595E26200F2FDF0 /* ContentView.swift */,
				44E76D262597AB1000F2FDF0 /* DetailView.swift */,
				44E76D292597C8AA00F2FDF0 /* WebView.swift */,
			);
			path = Views;
			sourceTree = "<group>";
		};
/* End PBXGroup section */

/* Begin PBXNativeTarget section */
		44E76D032595E26200F2FDF0 /* H4XOR */ = {
			isa = PBXNativeTarget;
			buildConfigurationList = 44E76D182595E26300F2FDF0 /* Build configuration list for PBXNativeTarget "H4XOR" */;
			buildPhases = (
				44E76D002595E26200F2FDF0 /* Sources */,
				44E76D012595E26200F2FDF0 /* Frameworks */,
				44E76D022595E26200F2FDF0 /* Resources */,
			);
			buildRules = (
			);
			dependencies = (
			);
			name = H4XOR;
			productName = H4XOR;
			productReference = 44E76D042595E26200F2FDF0 /* H4XOR.app */;
			productType = "com.apple.product-type.application";
		};
/* End PBXNativeTarget section */

/* Begin PBXProject section */
		44E76CFC2595E26200F2FDF0 /* Project object */ = {
			isa = PBXProject;
			attributes = {
				LastSwiftUpdateCheck = 1200;
				LastUpgradeCheck = 1200;
				TargetAttributes = {
					44E76D032595E26200F2FDF0 = {
						CreatedOnToolsVersion = 12.0.1;
					};
				};
			};
			buildConfigurationList = 44E76CFF2595E26200F2FDF0 /* Build configuration list for PBXProject "H4XOR" */;
			compatibilityVersion = "Xcode 9.3";
			developmentRegion = en;
			hasScannedForEncodings = 0;
			knownRegions = (
				en,
				Base,
			);
			mainGroup = 44E76CFB2595E26200F2FDF0;
			productRefGroup = 44E76D052595E26200F2FDF0 /* Products */;
			projectDirPath = "";
			projectRoot = "";
			targets = (
				44E76D032595E26200F2FDF0 /* H4XOR */,
			);
		};
/* End PBXProject section */

/* Begin PBXResourcesBuildPhase section */
		44E76D022595E26200F2FDF0 /* Resources */ = {
			isa = PBXResourcesBuildPhase;
			buildActionMask = 2147483647;
			files = (
				44E76D142595E26300F2FDF0 /* LaunchScreen.storyboard in Resources */,
				44E76D112595E26300F2FDF0 /* Preview Assets.xcassets in Resources */,
				44E76D0E2595E26300F2FDF0 /* Assets.xcassets in Resources */,
			);
			runOnlyForDeploymentPostprocessing = 0;
		};
/* End PBXResourcesBuildPhase section */

/* Begin PBXSourcesBuildPhase section */
		44E76D002595E26200F2FDF0 /* Sources */ = {
			isa = PBXSourcesBuildPhase;
			buildActionMask = 2147483647;
			files = (
				44E76D222595E8F800F2FDF0 /* PostData.swift in Sources */,
				44E76D272597AB1000F2FDF0 /* DetailView.swift in Sources */,
				44E76D1E2595E7E500F2FDF0 /* NetworkManager.swift in Sources */,
				44E76D082595E26200F2FDF0 /* AppDelegate.swift in Sources */,
				44E76D0A2595E26200F2FDF0 /* SceneDelegate.swift in Sources */,
				44E76D0C2595E26200F2FDF0 /* ContentView.swift in Sources */,
				44E76D2A2597C8AA00F2FDF0 /* WebView.swift in Sources */,
			);
			runOnlyForDeploymentPostprocessing = 0;
		};
/* End PBXSourcesBuildPhase section */

/* Begin PBXVariantGroup section */
		44E76D122595E26300F2FDF0 /* LaunchScreen.storyboard */ = {
			isa = PBXVariantGroup;
			children = (
				44E76D132595E26300F2FDF0 /* Base */,
			);
			name = LaunchScreen.storyboard;
			sourceTree = "<group>";
		};
/* End PBXVariantGroup section */

/* Begin XCBuildConfiguration section */
		44E76D162595E26300F2FDF0 /* Debug */ = {
			isa = XCBuildConfiguration;
			buildSettings = {
				ALWAYS_SEARCH_USER_PATHS = NO;
				CLANG_ANALYZER_NONNULL = YES;
				CLANG_ANALYZER_NUMBER_OBJECT_CONVERSION = YES_AGGRESSIVE;
				CLANG_CXX_LANGUAGE_STANDARD = "gnu++14";
				CLANG_CXX_LIBRARY = "libc++";
				CLANG_ENABLE_MODULES = YES;
				CLANG_ENABLE_OBJC_ARC = YES;
				CLANG_ENABLE_OBJC_WEAK = YES;
				CLANG_WARN_BLOCK_CAPTURE_AUTORELEASING = YES;
				CLANG_WARN_BOOL_CONVERSION = YES;
				CLANG_WARN_COMMA = YES;
				CLANG_WARN_CONSTANT_CONVERSION = YES;
				CLANG_WARN_DEPRECATED_OBJC_IMPLEMENTATIONS = YES;
				CLANG_WARN_DIRECT_OBJC_ISA_USAGE = YES_ERROR;
				CLANG_WARN_DOCUMENTATION_COMMENTS = YES;
				CLANG_WARN_EMPTY_BODY = YES;
				CLANG_WARN_ENUM_CONVERSION = YES;
				CLANG_WARN_INFINITE_RECURSION = YES;
				CLANG_WARN_INT_CONVERSION = YES;
				CLANG_WARN_NON_LITERAL_NULL_CONVERSION = YES;
				CLANG_WARN_OBJC_IMPLICIT_RETAIN_SELF = YES;
				CLANG_WARN_OBJC_LITERAL_CONVERSION = YES;
				CLANG_WARN_OBJC_ROOT_CLASS = YES_ERROR;
				CLANG_WARN_QUOTED_INCLUDE_IN_FRAMEWORK_HEADER = YES;
				CLANG_WARN_RANGE_LOOP_ANALYSIS = YES;
				CLANG_WARN_STRICT_PROTOTYPES = YES;
				CLANG_WARN_SUSPICIOUS_MOVE = YES;
				CLANG_WARN_UNGUARDED_AVAILABILITY = YES_AGGRESSIVE;
				CLANG_WARN_UNREACHABLE_CODE = YES;
				CLANG_WARN__DUPLICATE_METHOD_MATCH = YES;
				COPY_PHASE_STRIP = NO;
				DEBUG_INFORMATION_FORMAT = dwarf;
				ENABLE_STRICT_OBJC_MSGSEND = YES;
				ENABLE_TESTABILITY = YES;
				GCC_C_LANGUAGE_STANDARD = gnu11;
				GCC_DYNAMIC_NO_PIC = NO;
				GCC_NO_COMMON_BLOCKS = YES;
				GCC_OPTIMIZATION_LEVEL = 0;
				GCC_PREPROCESSOR_DEFINITIONS = (
					"DEBUG=1",
					"$(inherited)",
				);
				GCC_WARN_64_TO_32_BIT_CONVERSION = YES;
				GCC_WARN_ABOUT_RETURN_TYPE = YES_ERROR;
				GCC_WARN_UNDECLARED_SELECTOR = YES;
				GCC_WARN_UNINITIALIZED_AUTOS = YES_AGGRESSIVE;
				GCC_WARN_UNUSED_FUNCTION = YES;
				GCC_WARN_UNUSED_VARIABLE = YES;
				IPHONEOS_DEPLOYMENT_TARGET = 14.0;
				MTL_ENABLE_DEBUG_INFO = INCLUDE_SOURCE;
				MTL_FAST_MATH = YES;
				ONLY_ACTIVE_ARCH = YES;
				SDKROOT = iphoneos;
				SWIFT_ACTIVE_COMPILATION_CONDITIONS = DEBUG;
				SWIFT_OPTIMIZATION_LEVEL = "-Onone";
			};
			name = Debug;
		};
		44E76D172595E26300F2FDF0 /* Release */ = {
			isa = XCBuildConfiguration;
			buildSettings = {
				ALWAYS_SEARCH_USER_PATHS = NO;
				CLANG_ANALYZER_NONNULL = YES;
				CLANG_ANALYZER_NUMBER_OBJECT_CONVERSION = YES_AGGRESSIVE;
				CLANG_CXX_LANGUAGE_STANDARD = "gnu++14";
				CLANG_CXX_LIBRARY = "libc++";
				CLANG_ENABLE_MODULES = YES;
				CLANG_ENABLE_OBJC_ARC = YES;
				CLANG_ENABLE_OBJC_WEAK = YES;
				CLANG_WARN_BLOCK_CAPTURE_AUTORELEASING = YES;
				CLANG_WARN_BOOL_CONVERSION = YES;
				CLANG_WARN_COMMA = YES;
				CLANG_WARN_CONSTANT_CONVERSION = YES;
				CLANG_WARN_DEPRECATED_OBJC_IMPLEMENTATIONS = YES;
				CLANG_WARN_DIRECT_OBJC_ISA_USAGE = YES_ERROR;
				CLANG_WARN_DOCUMENTATION_COMMENTS = YES;
				CLANG_WARN_EMPTY_BODY = YES;
				CLANG_WARN_ENUM_CONVERSION = YES;
				CLANG_WARN_INFINITE_RECURSION = YES;
				CLANG_WARN_INT_CONVERSION = YES;
				CLANG_WARN_NON_LITERAL_NULL_CONVERSION = YES;
				CLANG_WARN_OBJC_IMPLICIT_RETAIN_SELF = YES;
				CLANG_WARN_OBJC_LITERAL_CONVERSION = YES;
				CLANG_WARN_OBJC_ROOT_CLASS = YES_ERROR;
				CLANG_WARN_QUOTED_INCLUDE_IN_FRAMEWORK_HEADER = YES;
				CLANG_WARN_RANGE_LOOP_ANALYSIS = YES;
				CLANG_WARN_STRICT_PROTOTYPES = YES;
				CLANG_WARN_SUSPICIOUS_MOVE = YES;
				CLANG_WARN_UNGUARDED_AVAILABILITY = YES_AGGRESSIVE;
				CLANG_WARN_UNREACHABLE_CODE = YES;
				CLANG_WARN__DUPLICATE_METHOD_MATCH = YES;
				COPY_PHASE_STRIP = NO;
				DEBUG_INFORMATION_FORMAT = "dwarf-with-dsym";
				ENABLE_NS_ASSERTIONS = NO;
				ENABLE_STRICT_OBJC_MSGSEND = YES;
				GCC_C_LANGUAGE_STANDARD = gnu11;
				GCC_NO_COMMON_BLOCKS = YES;
				GCC_WARN_64_TO_32_BIT_CONVERSION = YES;
				GCC_WARN_ABOUT_RETURN_TYPE = YES_ERROR;
				GCC_WARN_UNDECLARED_SELECTOR = YES;
				GCC_WARN_UNINITIALIZED_AUTOS = YES_AGGRESSIVE;
				GCC_WARN_UNUSED_FUNCTION = YES;
				GCC_WARN_UNUSED_VARIABLE = YES;
				IPHONEOS_DEPLOYMENT_TARGET = 14.0;
				MTL_ENABLE_DEBUG_INFO = NO;
				MTL_FAST_MATH = YES;
				SDKROOT = iphoneos;
				SWIFT_COMPILATION_MODE = wholemodule;
				SWIFT_OPTIMIZATION_LEVEL = "-O";
				VALIDATE_PRODUCT = YES;
			};
			name = Release;
		};
		44E76D192595E26300F2FDF0 /* Debug */ = {
			isa = XCBuildConfiguration;
			buildSettings = {
				ASSETCATALOG_COMPILER_APPICON_NAME = AppIcon;
				ASSETCATALOG_COMPILER_GLOBAL_ACCENT_COLOR_NAME = AccentColor;
				CODE_SIGN_ENTITLEMENTS = H4XOR/H4XOR.entitlements;
				CODE_SIGN_STYLE = Automatic;
				DEVELOPMENT_ASSET_PATHS = "\"H4XOR/Preview Content\"";
				DEVELOPMENT_TEAM = 36TZ38VCBG;
				ENABLE_PREVIEWS = YES;
				INFOPLIST_FILE = H4XOR/Info.plist;
				LD_RUNPATH_SEARCH_PATHS = (
					"$(inherited)",
					"@executable_path/Frameworks",
				);
				PRODUCT_BUNDLE_IDENTIFIER = com.yassinnawar.H4XOR;
				PRODUCT_NAME = "$(TARGET_NAME)";
				SUPPORTS_MACCATALYST = YES;
				SWIFT_VERSION = 5.0;
				TARGETED_DEVICE_FAMILY = "1,2";
			};
			name = Debug;
		};
		44E76D1A2595E26300F2FDF0 /* Release */ = {
			isa = XCBuildConfiguration;
			buildSettings = {
				ASSETCATALOG_COMPILER_APPICON_NAME = AppIcon;
				ASSETCATALOG_COMPILER_GLOBAL_ACCENT_COLOR_NAME = AccentColor;
				CODE_SIGN_ENTITLEMENTS = H4XOR/H4XOR.entitlements;
				CODE_SIGN_STYLE = Automatic;
				DEVELOPMENT_ASSET_PATHS = "\"H4XOR/Preview Content\"";
				DEVELOPMENT_TEAM = 36TZ38VCBG;
				ENABLE_PREVIEWS = YES;
				INFOPLIST_FILE = H4XOR/Info.plist;
				LD_RUNPATH_SEARCH_PATHS = (
					"$(inherited)",
					"@executable_path/Frameworks",
				);
				PRODUCT_BUNDLE_IDENTIFIER = com.yassinnawar.H4XOR;
				PRODUCT_NAME = "$(TARGET_NAME)";
				SUPPORTS_MACCATALYST = YES;
				SWIFT_VERSION = 5.0;
				TARGETED_DEVICE_FAMILY = "1,2";
			};
			name = Release;
		};
/* End XCBuildConfiguration section */

/* Begin XCConfigurationList section */
		44E76CFF2595E26200F2FDF0 /* Build configuration list for PBXProject "H4XOR" */ = {
			isa = XCConfigurationList;
			buildConfigurations = (
				44E76D162595E26300F2FDF0 /* Debug */,
				44E76D172595E26300F2FDF0 /* Release */,
			);
			defaultConfigurationIsVisible = 0;
			defaultConfigurationName = Release;
		};
		44E76D182595E26300F2FDF0 /* Build configuration list for PBXNativeTarget "H4XOR" */ = {
			isa = XCConfigurationList;
			buildConfigurations = (
				44E76D192595E26300F2FDF0 /* Debug */,
				44E76D1A2595E26300F2FDF0 /* Release */,
			);
			defaultConfigurationIsVisible = 0;
			defaultConfigurationName = Release;
		};
/* End XCConfigurationList section */
	};
	rootObject = 44E76CFC2595E26200F2FDF0 /* Project object */;
}
